
Microsoft Visual Studio Solution File, Format Version 12.00
# Visual Studio Version 17
VisualStudioVersion = 17.7.34031.279
MinimumVisualStudioVersion = 10.0.40219.1
Project("{FAE04EC0-301F-11D3-BF4B-00C04F79EFBC}") = "Fx.Core", "source\Fx.Core\Fx.Core.csproj", "{18656B53-58F4-85AC-820D-6DDC1E5B2A7E}"
EndProject
Global
	GlobalSection(SolutionConfigurationPlatforms) = preSolution
		Debug|Any CPU = Debug|Any CPU
		Release|Any CPU = Release|Any CPU
	EndGlobalSection
	GlobalSection(ProjectConfigurationPlatforms) = postSolution
		{18656B53-58F4-85AC-820D-6DDC1E5B2A7E}.Debug|Any CPU.ActiveCfg = Debug|Any CPU
		{18656B53-58F4-85AC-820D-6DDC1E5B2A7E}.Debug|Any CPU.Build.0 = Debug|Any CPU
		{18656B53-58F4-85AC-820D-6DDC1E5B2A7E}.Release|Any CPU.ActiveCfg = Release|Any CPU
		{18656B53-58F4-85AC-820D-6DDC1E5B2A7E}.Release|Any CPU.Build.0 = Release|Any CPU
	EndGlobalSection
	GlobalSection(SolutionProperties) = preSolution
		HideSolutionNode = FALSE
	EndGlobalSection
	GlobalSection(ExtensibilityGlobals) = postSolution
		SolutionGuid = {938EAC26-C20C-48C0-B5F6-0B535D593D6B}
	EndGlobalSection
EndGlobal
