
Microsoft Visual Studio Solution File, Format Version 12.00
# Visual Studio Version 17
VisualStudioVersion = 17.7.34031.279
MinimumVisualStudioVersion = 10.0.40219.1
Project("{FAE04EC0-301F-11D3-BF4B-00C04F79EFBC}") = "Fx.Core", "source\Fx.Core\Fx.Core.csproj", "{18656B53-58F4-85AC-820D-6DDC1E5B2A7E}"
EndProject
Project("{FAE04EC0-301F-11D3-BF4B-00C04F79EFBC}") = "Fx.Core.Tests", "source\Fx.Core.Tests\Fx.Core.Tests.csproj", "{9DFE7795-7613-40A8-8C73-7C1CBE4AA87F}"
EndProject
Project("{FAE04EC0-301F-11D3-BF4B-00C04F79EFBC}") = "Fx.MicrosoftCodeAnalysisCSharpInteractionLibrary", "source\Fx.MicrosoftCodeAnalysisCSharpInteractionLibrary\Fx.MicrosoftCodeAnalysisCSharpInteractionLibrary.csproj", "{9FA3263A-7B60-B1F1-DF78-80005DDB31CC}"
EndProject
Project("{FAE04EC0-301F-11D3-BF4B-00C04F79EFBC}") = "Fx.MicrosoftCodeAnalysisCSharpWorkspacesInteractionLibrary", "source\Fx.MicrosoftCodeAnalysisCSharpWorkspacesInteractionLibrary\Fx.MicrosoftCodeAnalysisCSharpWorkspacesInteractionLibrary.csproj", "{7CE4EA91-DDB7-44B3-A12E-BEC5FA7935EB}"
EndProject
Project("{FAE04EC0-301F-11D3-BF4B-00C04F79EFBC}") = "Playground", "source\Playground\Playground.csproj", "{F621CBF3-1216-484F-AD65-E23F819D9D6A}"
EndProject
Project("{2150E333-8FDC-42A3-9474-1A3956D46DE8}") = "Solution Items", "Solution Items", "{8EC462FD-D22E-90A8-E5CE-7E832BA40C5D}"
	ProjectSection(SolutionItems) = preProject
		nuget.config = nuget.config
	EndProjectSection
EndProject
Project("{FAE04EC0-301F-11D3-BF4B-00C04F79EFBC}") = "Fx.Core.Analyzers", "source\Fx.Core.Analyzers\Fx.Core.Analyzers.csproj", "{E7A73033-2AF7-C6D3-2694-7E843B5BDA36}"
EndProject
Project("{FAE04EC0-301F-11D3-BF4B-00C04F79EFBC}") = "Fx.Core.Analyzers.Test", "source\Fx.Core.Analyzers.Test\Fx.Core.Analyzers.Test.csproj", "{147A8A96-A9CC-60A4-2EFB-E4D2ECE177BA}"
EndProject
Project("{FAE04EC0-301F-11D3-BF4B-00C04F79EFBC}") = "Fx.Core.Analyzers.Vsix", "source\Fx.Core.Analyzers.Vsix\Fx.Core.Analyzers.Vsix.csproj", "{32EF0E96-D9E7-D5F1-87A0-FD39D42AAB4A}"
EndProject
Global
	GlobalSection(SolutionConfigurationPlatforms) = preSolution
		Debug|Any CPU = Debug|Any CPU
		Release|Any CPU = Release|Any CPU
	EndGlobalSection
	GlobalSection(ProjectConfigurationPlatforms) = postSolution
		{18656B53-58F4-85AC-820D-6DDC1E5B2A7E}.Debug|Any CPU.ActiveCfg = Debug|Any CPU
		{18656B53-58F4-85AC-820D-6DDC1E5B2A7E}.Debug|Any CPU.Build.0 = Debug|Any CPU
		{18656B53-58F4-85AC-820D-6DDC1E5B2A7E}.Release|Any CPU.ActiveCfg = Release|Any CPU
		{18656B53-58F4-85AC-820D-6DDC1E5B2A7E}.Release|Any CPU.Build.0 = Release|Any CPU
		{9DFE7795-7613-40A8-8C73-7C1CBE4AA87F}.Debug|Any CPU.ActiveCfg = Debug|Any CPU
		{9DFE7795-7613-40A8-8C73-7C1CBE4AA87F}.Debug|Any CPU.Build.0 = Debug|Any CPU
		{9DFE7795-7613-40A8-8C73-7C1CBE4AA87F}.Release|Any CPU.ActiveCfg = Release|Any CPU
		{9DFE7795-7613-40A8-8C73-7C1CBE4AA87F}.Release|Any CPU.Build.0 = Release|Any CPU
		{9FA3263A-7B60-B1F1-DF78-80005DDB31CC}.Debug|Any CPU.ActiveCfg = Debug|Any CPU
		{9FA3263A-7B60-B1F1-DF78-80005DDB31CC}.Debug|Any CPU.Build.0 = Debug|Any CPU
		{9FA3263A-7B60-B1F1-DF78-80005DDB31CC}.Release|Any CPU.ActiveCfg = Release|Any CPU
		{9FA3263A-7B60-B1F1-DF78-80005DDB31CC}.Release|Any CPU.Build.0 = Release|Any CPU
		{7CE4EA91-DDB7-44B3-A12E-BEC5FA7935EB}.Debug|Any CPU.ActiveCfg = Debug|Any CPU
		{7CE4EA91-DDB7-44B3-A12E-BEC5FA7935EB}.Debug|Any CPU.Build.0 = Debug|Any CPU
		{7CE4EA91-DDB7-44B3-A12E-BEC5FA7935EB}.Release|Any CPU.ActiveCfg = Release|Any CPU
		{7CE4EA91-DDB7-44B3-A12E-BEC5FA7935EB}.Release|Any CPU.Build.0 = Release|Any CPU
		{F621CBF3-1216-484F-AD65-E23F819D9D6A}.Debug|Any CPU.ActiveCfg = Debug|Any CPU
		{F621CBF3-1216-484F-AD65-E23F819D9D6A}.Debug|Any CPU.Build.0 = Debug|Any CPU
		{F621CBF3-1216-484F-AD65-E23F819D9D6A}.Release|Any CPU.ActiveCfg = Release|Any CPU
		{F621CBF3-1216-484F-AD65-E23F819D9D6A}.Release|Any CPU.Build.0 = Release|Any CPU
		{E7A73033-2AF7-C6D3-2694-7E843B5BDA36}.Debug|Any CPU.ActiveCfg = Debug|Any CPU
		{E7A73033-2AF7-C6D3-2694-7E843B5BDA36}.Debug|Any CPU.Build.0 = Debug|Any CPU
		{E7A73033-2AF7-C6D3-2694-7E843B5BDA36}.Release|Any CPU.ActiveCfg = Release|Any CPU
		{E7A73033-2AF7-C6D3-2694-7E843B5BDA36}.Release|Any CPU.Build.0 = Release|Any CPU
		{147A8A96-A9CC-60A4-2EFB-E4D2ECE177BA}.Debug|Any CPU.ActiveCfg = Debug|Any CPU
		{147A8A96-A9CC-60A4-2EFB-E4D2ECE177BA}.Debug|Any CPU.Build.0 = Debug|Any CPU
		{147A8A96-A9CC-60A4-2EFB-E4D2ECE177BA}.Release|Any CPU.ActiveCfg = Release|Any CPU
		{147A8A96-A9CC-60A4-2EFB-E4D2ECE177BA}.Release|Any CPU.Build.0 = Release|Any CPU
		{32EF0E96-D9E7-D5F1-87A0-FD39D42AAB4A}.Debug|Any CPU.ActiveCfg = Debug|Any CPU
		{32EF0E96-D9E7-D5F1-87A0-FD39D42AAB4A}.Debug|Any CPU.Build.0 = Debug|Any CPU
		{32EF0E96-D9E7-D5F1-87A0-FD39D42AAB4A}.Release|Any CPU.ActiveCfg = Release|Any CPU
		{32EF0E96-D9E7-D5F1-87A0-FD39D42AAB4A}.Release|Any CPU.Build.0 = Release|Any CPU
	EndGlobalSection
	GlobalSection(SolutionProperties) = preSolution
		HideSolutionNode = FALSE
	EndGlobalSection
	GlobalSection(ExtensibilityGlobals) = postSolution
		SolutionGuid = {938EAC26-C20C-48C0-B5F6-0B535D593D6B}
	EndGlobalSection
EndGlobal
